{
    "_readme": [
        "This file locks the dependencies of your project to a known state",
        "Read more about it at http://getcomposer.org/doc/01-basic-usage.md#composer-lock-the-lock-file",
        "This file is @generated automatically"
    ],
    "hash": "a9ce3a50b4a0d14d0a113c1bf06b6809",
    "packages": [
        {
            "name": "mashape/unirest-php",
            "version": "v2.3.0",
            "source": {
                "type": "git",
                "url": "https://github.com/Mashape/unirest-php.git",
                "reference": "530905c7c97b9383b84e8e2a843b53bb87e54ff7"
            },
            "dist": {
                "type": "zip",
                "url": "https://api.github.com/repos/Mashape/unirest-php/zipball/530905c7c97b9383b84e8e2a843b53bb87e54ff7",
                "reference": "530905c7c97b9383b84e8e2a843b53bb87e54ff7",
                "shasum": ""
            },
            "require": {
                "ext-curl": "*",
                "ext-json": "*",
                "php": ">=5.4.0"
            },
            "require-dev": {
                "codeclimate/php-test-reporter": "0.1.*",
                "phpunit/phpunit": "~4.4"
            },
            "type": "library",
            "autoload": {
                "psr-0": {
                    "Unirest": "src"
                }
            },
            "notification-url": "https://packagist.org/downloads/",
            "license": [
                "MIT"
            ],
            "description": "Unirest PHP",
            "homepage": "https://github.com/Mashape/unirest-php",
            "keywords": [
                "client",
                "curl",
                "http",
                "https",
                "rest"
            ],
            "time": "2015-03-01 07:48:16"
        }
    ],
    "packages-dev": [],
    "aliases": [],
    "minimum-stability": "stable",
    "stability-flags": [],
    "prefer-stable": false,
    "prefer-lowest": false,
    "platform": {
        "php": ">=5.4.0",
        "ext-curl": "*",
        "ext-json": "*",
        "ext-mbstring": "*"
    },
    "platform-dev": []
}
